
Microsoft Visual Studio Solution File, Format Version 12.00
# Visual Studio Version 16
VisualStudioVersion = 16.0.30002.166
MinimumVisualStudioVersion = 10.0.40219.1
Project("{FAE04EC0-301F-11D3-BF4B-00C04F79EFBC}") = "Kurs", "Kurs\Kurs.csproj", "{17A6C65E-0FBB-4E99-A43C-39D0EDF96926}"
EndProject
Global
	GlobalSection(SolutionConfigurationPlatforms) = preSolution
		Debug|Any CPU = Debug|Any CPU
		Release|Any CPU = Release|Any CPU
	EndGlobalSection
	GlobalSection(ProjectConfigurationPlatforms) = postSolution
		{17A6C65E-0FBB-4E99-A43C-39D0EDF96926}.Debug|Any CPU.ActiveCfg = Debug|Any CPU
		{17A6C65E-0FBB-4E99-A43C-39D0EDF96926}.Debug|Any CPU.Build.0 = Debug|Any CPU
		{17A6C65E-0FBB-4E99-A43C-39D0EDF96926}.Release|Any CPU.ActiveCfg = Release|Any CPU
		{17A6C65E-0FBB-4E99-A43C-39D0EDF96926}.Release|Any CPU.Build.0 = Release|Any CPU
	EndGlobalSection
	GlobalSection(SolutionProperties) = preSolution
		HideSolutionNode = FALSE
	EndGlobalSection
	GlobalSection(ExtensibilityGlobals) = postSolution
		SolutionGuid = {0F09EDFF-3945-401D-B4A9-AABABE4CBE4F}
	EndGlobalSection
EndGlobal
